
Microsoft Visual Studio Solution File, Format Version 12.00
# Visual Studio Version 16
VisualStudioVersion = 16.0.30717.126
MinimumVisualStudioVersion = 10.0.40219.1
Project("{FAE04EC0-301F-11D3-BF4B-00C04F79EFBC}") = "KeePassShtokal", "KeePassShtokal\KeePassShtokal.csproj", "{13CA3EF4-76BC-434B-9B76-8CF93A6DC96A}"
EndProject
Global
	GlobalSection(SolutionConfigurationPlatforms) = preSolution
		Debug|Any CPU = Debug|Any CPU
		Release|Any CPU = Release|Any CPU
	EndGlobalSection
	GlobalSection(ProjectConfigurationPlatforms) = postSolution
		{13CA3EF4-76BC-434B-9B76-8CF93A6DC96A}.Debug|Any CPU.ActiveCfg = Debug|Any CPU
		{13CA3EF4-76BC-434B-9B76-8CF93A6DC96A}.Debug|Any CPU.Build.0 = Debug|Any CPU
		{13CA3EF4-76BC-434B-9B76-8CF93A6DC96A}.Release|Any CPU.ActiveCfg = Release|Any CPU
		{13CA3EF4-76BC-434B-9B76-8CF93A6DC96A}.Release|Any CPU.Build.0 = Release|Any CPU
	EndGlobalSection
	GlobalSection(SolutionProperties) = preSolution
		HideSolutionNode = FALSE
	EndGlobalSection
	GlobalSection(ExtensibilityGlobals) = postSolution
		SolutionGuid = {2AF02736-3A86-455C-91BE-DA651E6838D4}
	EndGlobalSection
EndGlobal
